// !$*UTF8*$!
{
	archiveVersion = 1;
	classes = {
	};
	objectVersion = 56;
	objects = {

/* Begin PBXBuildFile section */
		14B528E22C1D442F0056F53D /* AppDelegate.swift in Sources */ = {isa = PBXBuildFile; fileRef = 14B528E12C1D442F0056F53D /* AppDelegate.swift */; };
		14B528E42C1D442F0056F53D /* SceneDelegate.swift in Sources */ = {isa = PBXBuildFile; fileRef = 14B528E32C1D442F0056F53D /* SceneDelegate.swift */; };
		14B528E62C1D442F0056F53D /* ViewController.swift in Sources */ = {isa = PBXBuildFile; fileRef = 14B528E52C1D442F0056F53D /* ViewController.swift */; };
		14B528E92C1D442F0056F53D /* Base in Resources */ = {isa = PBXBuildFile; fileRef = 14B528E82C1D442F0056F53D /* Base */; };
		14B528EB2C1D44310056F53D /* Assets.xcassets in Resources */ = {isa = PBXBuildFile; fileRef = 14B528EA2C1D44310056F53D /* Assets.xcassets */; };
		14B528EE2C1D44310056F53D /* Base in Resources */ = {isa = PBXBuildFile; fileRef = 14B528ED2C1D44310056F53D /* Base */; };
		14B528F62C1D444E0056F53D /* Coordinator.swift in Sources */ = {isa = PBXBuildFile; fileRef = 14B528F52C1D444E0056F53D /* Coordinator.swift */; };
		14B528F82C1D44BF0056F53D /* Storyboarded.swift in Sources */ = {isa = PBXBuildFile; fileRef = 14B528F72C1D44BF0056F53D /* Storyboarded.swift */; };
		14B528FA2C1D45F20056F53D /* MainCoordinator.swift in Sources */ = {isa = PBXBuildFile; fileRef = 14B528F92C1D45F20056F53D /* MainCoordinator.swift */; };
		14B528FC2C1D47DD0056F53D /* BuyViewController.swift in Sources */ = {isa = PBXBuildFile; fileRef = 14B528FB2C1D47DD0056F53D /* BuyViewController.swift */; };
		14B528FE2C1D47F50056F53D /* CreateAccountViewController.swift in Sources */ = {isa = PBXBuildFile; fileRef = 14B528FD2C1D47F50056F53D /* CreateAccountViewController.swift */; };
/* End PBXBuildFile section */

/* Begin PBXFileReference section */
		14B528DE2C1D442F0056F53D /* CoordinatorsTutorialUIKit.app */ = {isa = PBXFileReference; explicitFileType = wrapper.application; includeInIndex = 0; path = CoordinatorsTutorialUIKit.app; sourceTree = BUILT_PRODUCTS_DIR; };
		14B528E12C1D442F0056F53D /* AppDelegate.swift */ = {isa = PBXFileReference; lastKnownFileType = sourcecode.swift; path = AppDelegate.swift; sourceTree = "<group>"; };
		14B528E32C1D442F0056F53D /* SceneDelegate.swift */ = {isa = PBXFileReference; lastKnownFileType = sourcecode.swift; path = SceneDelegate.swift; sourceTree = "<group>"; };
		14B528E52C1D442F0056F53D /* ViewController.swift */ = {isa = PBXFileReference; lastKnownFileType = sourcecode.swift; path = ViewController.swift; sourceTree = "<group>"; };
		14B528E82C1D442F0056F53D /* Base */ = {isa = PBXFileReference; lastKnownFileType = file.storyboard; name = Base; path = Base.lproj/Main.storyboard; sourceTree = "<group>"; };
		14B528EA2C1D44310056F53D /* Assets.xcassets */ = {isa = PBXFileReference; lastKnownFileType = folder.assetcatalog; path = Assets.xcassets; sourceTree = "<group>"; };
		14B528ED2C1D44310056F53D /* Base */ = {isa = PBXFileReference; lastKnownFileType = file.storyboard; name = Base; path = Base.lproj/LaunchScreen.storyboard; sourceTree = "<group>"; };
		14B528EF2C1D44310056F53D /* Info.plist */ = {isa = PBXFileReference; lastKnownFileType = text.plist.xml; path = Info.plist; sourceTree = "<group>"; };
		14B528F52C1D444E0056F53D /* Coordinator.swift */ = {isa = PBXFileReference; lastKnownFileType = sourcecode.swift; path = Coordinator.swift; sourceTree = "<group>"; };
		14B528F72C1D44BF0056F53D /* Storyboarded.swift */ = {isa = PBXFileReference; lastKnownFileType = sourcecode.swift; path = Storyboarded.swift; sourceTree = "<group>"; };
		14B528F92C1D45F20056F53D /* MainCoordinator.swift */ = {isa = PBXFileReference; lastKnownFileType = sourcecode.swift; path = MainCoordinator.swift; sourceTree = "<group>"; };
		14B528FB2C1D47DD0056F53D /* BuyViewController.swift */ = {isa = PBXFileReference; lastKnownFileType = sourcecode.swift; path = BuyViewController.swift; sourceTree = "<group>"; };
		14B528FD2C1D47F50056F53D /* CreateAccountViewController.swift */ = {isa = PBXFileReference; lastKnownFileType = sourcecode.swift; path = CreateAccountViewController.swift; sourceTree = "<group>"; };
/* End PBXFileReference section */

/* Begin PBXFrameworksBuildPhase section */
		14B528DB2C1D442F0056F53D /* Frameworks */ = {
			isa = PBXFrameworksBuildPhase;
			buildActionMask = 2147483647;
			files = (
			);
			runOnlyForDeploymentPostprocessing = 0;
		};
/* End PBXFrameworksBuildPhase section */

/* Begin PBXGroup section */
		14B528D52C1D442F0056F53D = {
			isa = PBXGroup;
			children = (
				14B528E02C1D442F0056F53D /* CoordinatorsTutorialUIKit */,
				14B528DF2C1D442F0056F53D /* Products */,
			);
			sourceTree = "<group>";
		};
		14B528DF2C1D442F0056F53D /* Products */ = {
			isa = PBXGroup;
			children = (
				14B528DE2C1D442F0056F53D /* CoordinatorsTutorialUIKit.app */,
			);
			name = Products;
			sourceTree = "<group>";
		};
		14B528E02C1D442F0056F53D /* CoordinatorsTutorialUIKit */ = {
			isa = PBXGroup;
			children = (
				14B528EF2C1D44310056F53D /* Info.plist */,
				14B528E12C1D442F0056F53D /* AppDelegate.swift */,
				14B528E32C1D442F0056F53D /* SceneDelegate.swift */,
				14B528EA2C1D44310056F53D /* Assets.xcassets */,
				14B529002C1D52A10056F53D /* Coordinators */,
				14B529022C1D530E0056F53D /* Storyboards */,
				14B529012C1D52CF0056F53D /* Protocols */,
				14B528FF2C1D52460056F53D /* ViewControllers */,
			);
			path = CoordinatorsTutorialUIKit;
			sourceTree = "<group>";
		};
		14B528FF2C1D52460056F53D /* ViewControllers */ = {
			isa = PBXGroup;
			children = (
				14B528E52C1D442F0056F53D /* ViewController.swift */,
				14B528FB2C1D47DD0056F53D /* BuyViewController.swift */,
				14B528FD2C1D47F50056F53D /* CreateAccountViewController.swift */,
			);
			path = ViewControllers;
			sourceTree = "<group>";
		};
		14B529002C1D52A10056F53D /* Coordinators */ = {
			isa = PBXGroup;
			children = (
				14B528F92C1D45F20056F53D /* MainCoordinator.swift */,
				14B528F52C1D444E0056F53D /* Coordinator.swift */,
			);
			path = Coordinators;
			sourceTree = "<group>";
		};
		14B529012C1D52CF0056F53D /* Protocols */ = {
			isa = PBXGroup;
			children = (
				14B528F72C1D44BF0056F53D /* Storyboarded.swift */,
			);
			path = Protocols;
			sourceTree = "<group>";
		};
		14B529022C1D530E0056F53D /* Storyboards */ = {
			isa = PBXGroup;
			children = (
				14B528EC2C1D44310056F53D /* LaunchScreen.storyboard */,
				14B528E72C1D442F0056F53D /* Main.storyboard */,
			);
			path = Storyboards;
			sourceTree = "<group>";
		};
/* End PBXGroup section */

/* Begin PBXNativeTarget section */
		14B528DD2C1D442F0056F53D /* CoordinatorsTutorialUIKit */ = {
			isa = PBXNativeTarget;
			buildConfigurationList = 14B528F22C1D44310056F53D /* Build configuration list for PBXNativeTarget "CoordinatorsTutorialUIKit" */;
			buildPhases = (
				14B528DA2C1D442F0056F53D /* Sources */,
				14B528DB2C1D442F0056F53D /* Frameworks */,
				14B528DC2C1D442F0056F53D /* Resources */,
			);
			buildRules = (
			);
			dependencies = (
			);
			name = CoordinatorsTutorialUIKit;
			productName = CoordinatorsTutorialUIKit;
			productReference = 14B528DE2C1D442F0056F53D /* CoordinatorsTutorialUIKit.app */;
			productType = "com.apple.product-type.application";
		};
/* End PBXNativeTarget section */

/* Begin PBXProject section */
		14B528D62C1D442F0056F53D /* Project object */ = {
			isa = PBXProject;
			attributes = {
				BuildIndependentTargetsInParallel = 1;
				LastSwiftUpdateCheck = 1540;
				LastUpgradeCheck = 1540;
				TargetAttributes = {
					14B528DD2C1D442F0056F53D = {
						CreatedOnToolsVersion = 15.4;
					};
				};
			};
			buildConfigurationList = 14B528D92C1D442F0056F53D /* Build configuration list for PBXProject "CoordinatorsTutorialUIKit" */;
			compatibilityVersion = "Xcode 14.0";
			developmentRegion = en;
			hasScannedForEncodings = 0;
			knownRegions = (
				en,
				Base,
			);
			mainGroup = 14B528D52C1D442F0056F53D;
			productRefGroup = 14B528DF2C1D442F0056F53D /* Products */;
			projectDirPath = "";
			projectRoot = "";
			targets = (
				14B528DD2C1D442F0056F53D /* CoordinatorsTutorialUIKit */,
			);
		};
/* End PBXProject section */

/* Begin PBXResourcesBuildPhase section */
		14B528DC2C1D442F0056F53D /* Resources */ = {
			isa = PBXResourcesBuildPhase;
			buildActionMask = 2147483647;
			files = (
				14B528EB2C1D44310056F53D /* Assets.xcassets in Resources */,
				14B528EE2C1D44310056F53D /* Base in Resources */,
				14B528E92C1D442F0056F53D /* Base in Resources */,
			);
			runOnlyForDeploymentPostprocessing = 0;
		};
/* End PBXResourcesBuildPhase section */

/* Begin PBXSourcesBuildPhase section */
		14B528DA2C1D442F0056F53D /* Sources */ = {
			isa = PBXSourcesBuildPhase;
			buildActionMask = 2147483647;
			files = (
				14B528F62C1D444E0056F53D /* Coordinator.swift in Sources */,
				14B528FA2C1D45F20056F53D /* MainCoordinator.swift in Sources */,
				14B528E62C1D442F0056F53D /* ViewController.swift in Sources */,
				14B528F82C1D44BF0056F53D /* Storyboarded.swift in Sources */,
				14B528FE2C1D47F50056F53D /* CreateAccountViewController.swift in Sources */,
				14B528E22C1D442F0056F53D /* AppDelegate.swift in Sources */,
				14B528FC2C1D47DD0056F53D /* BuyViewController.swift in Sources */,
				14B528E42C1D442F0056F53D /* SceneDelegate.swift in Sources */,
			);
			runOnlyForDeploymentPostprocessing = 0;
		};
/* End PBXSourcesBuildPhase section */

/* Begin PBXVariantGroup section */
		14B528E72C1D442F0056F53D /* Main.storyboard */ = {
			isa = PBXVariantGroup;
			children = (
				14B528E82C1D442F0056F53D /* Base */,
			);
			name = Main.storyboard;
			sourceTree = "<group>";
		};
		14B528EC2C1D44310056F53D /* LaunchScreen.storyboard */ = {
			isa = PBXVariantGroup;
			children = (
				14B528ED2C1D44310056F53D /* Base */,
			);
			name = LaunchScreen.storyboard;
			sourceTree = "<group>";
		};
/* End PBXVariantGroup section */

/* Begin XCBuildConfiguration section */
		14B528F02C1D44310056F53D /* Debug */ = {
			isa = XCBuildConfiguration;
			buildSettings = {
				ALWAYS_SEARCH_USER_PATHS = NO;
				ASSETCATALOG_COMPILER_GENERATE_SWIFT_ASSET_SYMBOL_EXTENSIONS = YES;
				CLANG_ANALYZER_NONNULL = YES;
				CLANG_ANALYZER_NUMBER_OBJECT_CONVERSION = YES_AGGRESSIVE;
				CLANG_CXX_LANGUAGE_STANDARD = "gnu++20";
				CLANG_ENABLE_MODULES = YES;
				CLANG_ENABLE_OBJC_ARC = YES;
				CLANG_ENABLE_OBJC_WEAK = YES;
				CLANG_WARN_BLOCK_CAPTURE_AUTORELEASING = YES;
				CLANG_WARN_BOOL_CONVERSION = YES;
				CLANG_WARN_COMMA = YES;
				CLANG_WARN_CONSTANT_CONVERSION = YES;
				CLANG_WARN_DEPRECATED_OBJC_IMPLEMENTATIONS = YES;
				CLANG_WARN_DIRECT_OBJC_ISA_USAGE = YES_ERROR;
				CLANG_WARN_DOCUMENTATION_COMMENTS = YES;
				CLANG_WARN_EMPTY_BODY = YES;
				CLANG_WARN_ENUM_CONVERSION = YES;
				CLANG_WARN_INFINITE_RECURSION = YES;
				CLANG_WARN_INT_CONVERSION = YES;
				CLANG_WARN_NON_LITERAL_NULL_CONVERSION = YES;
				CLANG_WARN_OBJC_IMPLICIT_RETAIN_SELF = YES;
				CLANG_WARN_OBJC_LITERAL_CONVERSION = YES;
				CLANG_WARN_OBJC_ROOT_CLASS = YES_ERROR;
				CLANG_WARN_QUOTED_INCLUDE_IN_FRAMEWORK_HEADER = YES;
				CLANG_WARN_RANGE_LOOP_ANALYSIS = YES;
				CLANG_WARN_STRICT_PROTOTYPES = YES;
				CLANG_WARN_SUSPICIOUS_MOVE = YES;
				CLANG_WARN_UNGUARDED_AVAILABILITY = YES_AGGRESSIVE;
				CLANG_WARN_UNREACHABLE_CODE = YES;
				CLANG_WARN__DUPLICATE_METHOD_MATCH = YES;
				COPY_PHASE_STRIP = NO;
				DEBUG_INFORMATION_FORMAT = dwarf;
				ENABLE_STRICT_OBJC_MSGSEND = YES;
				ENABLE_TESTABILITY = YES;
				ENABLE_USER_SCRIPT_SANDBOXING = YES;
				GCC_C_LANGUAGE_STANDARD = gnu17;
				GCC_DYNAMIC_NO_PIC = NO;
				GCC_NO_COMMON_BLOCKS = YES;
				GCC_OPTIMIZATION_LEVEL = 0;
				GCC_PREPROCESSOR_DEFINITIONS = (
					"DEBUG=1",
					"$(inherited)",
				);
				GCC_WARN_64_TO_32_BIT_CONVERSION = YES;
				GCC_WARN_ABOUT_RETURN_TYPE = YES_ERROR;
				GCC_WARN_UNDECLARED_SELECTOR = YES;
				GCC_WARN_UNINITIALIZED_AUTOS = YES_AGGRESSIVE;
				GCC_WARN_UNUSED_FUNCTION = YES;
				GCC_WARN_UNUSED_VARIABLE = YES;
				IPHONEOS_DEPLOYMENT_TARGET = 17.5;
				LOCALIZATION_PREFERS_STRING_CATALOGS = YES;
				MTL_ENABLE_DEBUG_INFO = INCLUDE_SOURCE;
				MTL_FAST_MATH = YES;
				ONLY_ACTIVE_ARCH = YES;
				SDKROOT = iphoneos;
				SWIFT_ACTIVE_COMPILATION_CONDITIONS = "DEBUG $(inherited)";
				SWIFT_OPTIMIZATION_LEVEL = "-Onone";
			};
			name = Debug;
		};
		14B528F12C1D44310056F53D /* Release */ = {
			isa = XCBuildConfiguration;
			buildSettings = {
				ALWAYS_SEARCH_USER_PATHS = NO;
				ASSETCATALOG_COMPILER_GENERATE_SWIFT_ASSET_SYMBOL_EXTENSIONS = YES;
				CLANG_ANALYZER_NONNULL = YES;
				CLANG_ANALYZER_NUMBER_OBJECT_CONVERSION = YES_AGGRESSIVE;
				CLANG_CXX_LANGUAGE_STANDARD = "gnu++20";
				CLANG_ENABLE_MODULES = YES;
				CLANG_ENABLE_OBJC_ARC = YES;
				CLANG_ENABLE_OBJC_WEAK = YES;
				CLANG_WARN_BLOCK_CAPTURE_AUTORELEASING = YES;
				CLANG_WARN_BOOL_CONVERSION = YES;
				CLANG_WARN_COMMA = YES;
				CLANG_WARN_CONSTANT_CONVERSION = YES;
				CLANG_WARN_DEPRECATED_OBJC_IMPLEMENTATIONS = YES;
				CLANG_WARN_DIRECT_OBJC_ISA_USAGE = YES_ERROR;
				CLANG_WARN_DOCUMENTATION_COMMENTS = YES;
				CLANG_WARN_EMPTY_BODY = YES;
				CLANG_WARN_ENUM_CONVERSION = YES;
				CLANG_WARN_INFINITE_RECURSION = YES;
				CLANG_WARN_INT_CONVERSION = YES;
				CLANG_WARN_NON_LITERAL_NULL_CONVERSION = YES;
				CLANG_WARN_OBJC_IMPLICIT_RETAIN_SELF = YES;
				CLANG_WARN_OBJC_LITERAL_CONVERSION = YES;
				CLANG_WARN_OBJC_ROOT_CLASS = YES_ERROR;
				CLANG_WARN_QUOTED_INCLUDE_IN_FRAMEWORK_HEADER = YES;
				CLANG_WARN_RANGE_LOOP_ANALYSIS = YES;
				CLANG_WARN_STRICT_PROTOTYPES = YES;
				CLANG_WARN_SUSPICIOUS_MOVE = YES;
				CLANG_WARN_UNGUARDED_AVAILABILITY = YES_AGGRESSIVE;
				CLANG_WARN_UNREACHABLE_CODE = YES;
				CLANG_WARN__DUPLICATE_METHOD_MATCH = YES;
				COPY_PHASE_STRIP = NO;
				DEBUG_INFORMATION_FORMAT = "dwarf-with-dsym";
				ENABLE_NS_ASSERTIONS = NO;
				ENABLE_STRICT_OBJC_MSGSEND = YES;
				ENABLE_USER_SCRIPT_SANDBOXING = YES;
				GCC_C_LANGUAGE_STANDARD = gnu17;
				GCC_NO_COMMON_BLOCKS = YES;
				GCC_WARN_64_TO_32_BIT_CONVERSION = YES;
				GCC_WARN_ABOUT_RETURN_TYPE = YES_ERROR;
				GCC_WARN_UNDECLARED_SELECTOR = YES;
				GCC_WARN_UNINITIALIZED_AUTOS = YES_AGGRESSIVE;
				GCC_WARN_UNUSED_FUNCTION = YES;
				GCC_WARN_UNUSED_VARIABLE = YES;
				IPHONEOS_DEPLOYMENT_TARGET = 17.5;
				LOCALIZATION_PREFERS_STRING_CATALOGS = YES;
				MTL_ENABLE_DEBUG_INFO = NO;
				MTL_FAST_MATH = YES;
				SDKROOT = iphoneos;
				SWIFT_COMPILATION_MODE = wholemodule;
				VALIDATE_PRODUCT = YES;
			};
			name = Release;
		};
		14B528F32C1D44310056F53D /* Debug */ = {
			isa = XCBuildConfiguration;
			buildSettings = {
				ASSETCATALOG_COMPILER_APPICON_NAME = AppIcon;
				ASSETCATALOG_COMPILER_GLOBAL_ACCENT_COLOR_NAME = AccentColor;
				CODE_SIGN_STYLE = Automatic;
				CURRENT_PROJECT_VERSION = 1;
				DEVELOPMENT_TEAM = TCES658XLZ;
				GENERATE_INFOPLIST_FILE = YES;
				INFOPLIST_FILE = CoordinatorsTutorialUIKit/Info.plist;
				INFOPLIST_KEY_UIApplicationSupportsIndirectInputEvents = YES;
				INFOPLIST_KEY_UILaunchStoryboardName = LaunchScreen;
				INFOPLIST_KEY_UIMainStoryboardFile = Main;
				INFOPLIST_KEY_UISupportedInterfaceOrientations_iPad = "UIInterfaceOrientationPortrait UIInterfaceOrientationPortraitUpsideDown UIInterfaceOrientationLandscapeLeft UIInterfaceOrientationLandscapeRight";
				INFOPLIST_KEY_UISupportedInterfaceOrientations_iPhone = "UIInterfaceOrientationPortrait UIInterfaceOrientationLandscapeLeft UIInterfaceOrientationLandscapeRight";
				LD_RUNPATH_SEARCH_PATHS = (
					"$(inherited)",
					"@executable_path/Frameworks",
				);
				MARKETING_VERSION = 1.0;
				PRODUCT_BUNDLE_IDENTIFIER = com.pintadostechnologies.CoordinatorsTutorialUIKit;
				PRODUCT_NAME = "$(TARGET_NAME)";
				SWIFT_EMIT_LOC_STRINGS = YES;
				SWIFT_VERSION = 5.0;
				TARGETED_DEVICE_FAMILY = "1,2";
			};
			name = Debug;
		};
		14B528F42C1D44310056F53D /* Release */ = {
			isa = XCBuildConfiguration;
			buildSettings = {
				ASSETCATALOG_COMPILER_APPICON_NAME = AppIcon;
				ASSETCATALOG_COMPILER_GLOBAL_ACCENT_COLOR_NAME = AccentColor;
				CODE_SIGN_STYLE = Automatic;
				CURRENT_PROJECT_VERSION = 1;
				DEVELOPMENT_TEAM = TCES658XLZ;
				GENERATE_INFOPLIST_FILE = YES;
				INFOPLIST_FILE = CoordinatorsTutorialUIKit/Info.plist;
				INFOPLIST_KEY_UIApplicationSupportsIndirectInputEvents = YES;
				INFOPLIST_KEY_UILaunchStoryboardName = LaunchScreen;
				INFOPLIST_KEY_UIMainStoryboardFile = Main;
				INFOPLIST_KEY_UISupportedInterfaceOrientations_iPad = "UIInterfaceOrientationPortrait UIInterfaceOrientationPortraitUpsideDown UIInterfaceOrientationLandscapeLeft UIInterfaceOrientationLandscapeRight";
				INFOPLIST_KEY_UISupportedInterfaceOrientations_iPhone = "UIInterfaceOrientationPortrait UIInterfaceOrientationLandscapeLeft UIInterfaceOrientationLandscapeRight";
				LD_RUNPATH_SEARCH_PATHS = (
					"$(inherited)",
					"@executable_path/Frameworks",
				);
				MARKETING_VERSION = 1.0;
				PRODUCT_BUNDLE_IDENTIFIER = com.pintadostechnologies.CoordinatorsTutorialUIKit;
				PRODUCT_NAME = "$(TARGET_NAME)";
				SWIFT_EMIT_LOC_STRINGS = YES;
				SWIFT_VERSION = 5.0;
				TARGETED_DEVICE_FAMILY = "1,2";
			};
			name = Release;
		};
/* End XCBuildConfiguration section */

/* Begin XCConfigurationList section */
		14B528D92C1D442F0056F53D /* Build configuration list for PBXProject "CoordinatorsTutorialUIKit" */ = {
			isa = XCConfigurationList;
			buildConfigurations = (
				14B528F02C1D44310056F53D /* Debug */,
				14B528F12C1D44310056F53D /* Release */,
			);
			defaultConfigurationIsVisible = 0;
			defaultConfigurationName = Release;
		};
		14B528F22C1D44310056F53D /* Build configuration list for PBXNativeTarget "CoordinatorsTutorialUIKit" */ = {
			isa = XCConfigurationList;
			buildConfigurations = (
				14B528F32C1D44310056F53D /* Debug */,
				14B528F42C1D44310056F53D /* Release */,
			);
			defaultConfigurationIsVisible = 0;
			defaultConfigurationName = Release;
		};
/* End XCConfigurationList section */
	};
	rootObject = 14B528D62C1D442F0056F53D /* Project object */;
}
